
Microsoft Visual Studio Solution File, Format Version 12.00
# Visual Studio Version 17
VisualStudioVersion = 17.11.35222.181
MinimumVisualStudioVersion = 10.0.40219.1
Project("{2150E333-8FDC-42A3-9474-1A3956D46DE8}") = "src", "src", "{7C22E854-96EC-4354-BAD0-F5B485D7BDF1}"
EndProject
Project("{9A19103F-16F7-4668-BE54-9A1E7A4F7556}") = "Access.Infrastructure", "Access.Infrastructure\Access.Infrastructure.csproj", "{C3D89CD8-1AE8-4EFD-A9A1-7A12F2F2F32D}"
EndProject
Project("{9A19103F-16F7-4668-BE54-9A1E7A4F7556}") = "Access.AppCore", "Access.AppCore\Access.AppCore.csproj", "{765F7682-EBD3-454A-934F-88249624E9F7}"
EndProject
Project("{9A19103F-16F7-4668-BE54-9A1E7A4F7556}") = "Access.Web", "Access.Web\Access.Web.csproj", "{97478C12-6150-42E8-A2B1-39EF55ADFD71}"
EndProject
Project("{2150E333-8FDC-42A3-9474-1A3956D46DE8}") = "Solution Items", "Solution Items", "{FDE7600F-82B4-4782-B265-97C7C347BCDA}"
	ProjectSection(SolutionItems) = preProject
		.editorconfig = .editorconfig
	EndProjectSection
EndProject
Global
	GlobalSection(SolutionConfigurationPlatforms) = preSolution
		Debug|Any CPU = Debug|Any CPU
		Release|Any CPU = Release|Any CPU
	EndGlobalSection
	GlobalSection(ProjectConfigurationPlatforms) = postSolution
		{C3D89CD8-1AE8-4EFD-A9A1-7A12F2F2F32D}.Debug|Any CPU.ActiveCfg = Debug|Any CPU
		{C3D89CD8-1AE8-4EFD-A9A1-7A12F2F2F32D}.Debug|Any CPU.Build.0 = Debug|Any CPU
		{C3D89CD8-1AE8-4EFD-A9A1-7A12F2F2F32D}.Release|Any CPU.ActiveCfg = Release|Any CPU
		{C3D89CD8-1AE8-4EFD-A9A1-7A12F2F2F32D}.Release|Any CPU.Build.0 = Release|Any CPU
		{765F7682-EBD3-454A-934F-88249624E9F7}.Debug|Any CPU.ActiveCfg = Debug|Any CPU
		{765F7682-EBD3-454A-934F-88249624E9F7}.Debug|Any CPU.Build.0 = Debug|Any CPU
		{765F7682-EBD3-454A-934F-88249624E9F7}.Release|Any CPU.ActiveCfg = Release|Any CPU
		{765F7682-EBD3-454A-934F-88249624E9F7}.Release|Any CPU.Build.0 = Release|Any CPU
		{97478C12-6150-42E8-A2B1-39EF55ADFD71}.Debug|Any CPU.ActiveCfg = Debug|Any CPU
		{97478C12-6150-42E8-A2B1-39EF55ADFD71}.Debug|Any CPU.Build.0 = Debug|Any CPU
		{97478C12-6150-42E8-A2B1-39EF55ADFD71}.Release|Any CPU.ActiveCfg = Release|Any CPU
		{97478C12-6150-42E8-A2B1-39EF55ADFD71}.Release|Any CPU.Build.0 = Release|Any CPU
	EndGlobalSection
	GlobalSection(SolutionProperties) = preSolution
		HideSolutionNode = FALSE
	EndGlobalSection
	GlobalSection(NestedProjects) = preSolution
		{C3D89CD8-1AE8-4EFD-A9A1-7A12F2F2F32D} = {7C22E854-96EC-4354-BAD0-F5B485D7BDF1}
		{765F7682-EBD3-454A-934F-88249624E9F7} = {7C22E854-96EC-4354-BAD0-F5B485D7BDF1}
		{97478C12-6150-42E8-A2B1-39EF55ADFD71} = {7C22E854-96EC-4354-BAD0-F5B485D7BDF1}
	EndGlobalSection
	GlobalSection(ExtensibilityGlobals) = postSolution
		SolutionGuid = {AC5DF1F6-1DCA-432B-8C94-D06F078BF6E0}
	EndGlobalSection
EndGlobal
